{
  "nodes": {
    "fenix": {
      "inputs": {
        "nixpkgs": [
          "nixpkgs"
        ],
        "rust-analyzer-src": "rust-analyzer-src"
      },
      "locked": {
        "lastModified": 1757572889,
        "narHash": "sha256-tPmVhFoet1ijKduGpmh1uHw5eayjcaHvu3GodIVF9ac=",
        "owner": "nix-community",
        "repo": "fenix",
        "rev": "4e37fff6b22c58717577a2006c3907c9eef452dc",
        "type": "github"
      },
      "original": {
        "owner": "nix-community",
        "repo": "fenix",
        "type": "github"
      }
    },
    "flake-utils": {
      "inputs": {
        "systems": "systems"
      },
      "locked": {
        "lastModified": 1731533236,
        "narHash": "sha256-l0KFg5HjrsfsO/JpG+r7fRrqm12kzFHyUHqHCVpMMbI=",
        "owner": "numtide",
        "repo": "flake-utils",
        "rev": "11707dc2f618dd54ca8739b309ec4fc024de578b",
        "type": "github"
      },
      "original": {
        "owner": "numtide",
        "repo": "flake-utils",
        "type": "github"
      }
    },
    "flake-utils_2": {
      "inputs": {
        "systems": "systems_2"
      },
      "locked": {
        "lastModified": 1731533236,
        "narHash": "sha256-l0KFg5HjrsfsO/JpG+r7fRrqm12kzFHyUHqHCVpMMbI=",
        "owner": "numtide",
        "repo": "flake-utils",
        "rev": "11707dc2f618dd54ca8739b309ec4fc024de578b",
        "type": "github"
      },
      "original": {
        "owner": "numtide",
        "repo": "flake-utils",
        "type": "github"
      }
    },
    "home-manager": {
      "inputs": {
        "nixpkgs": [
          "nixpkgs"
        ]
      },
      "locked": {
        "lastModified": 1756679287,
        "narHash": "sha256-Xd1vOeY9ccDf5VtVK12yM0FS6qqvfUop8UQlxEB+gTQ=",
        "owner": "nix-community",
        "repo": "home-manager",
        "rev": "07fc025fe10487dd80f2ec694f1cd790e752d0e8",
        "type": "github"
      },
      "original": {
        "owner": "nix-community",
        "ref": "release-25.05",
        "repo": "home-manager",
        "type": "github"
      }
    },
    "libSource": {
      "locked": {
        "lastModified": 1754788789,
        "narHash": "sha256-x2rJ+Ovzq0sCMpgfgGaaqgBSwY+LST+WbZ6TytnT9Rk=",
        "owner": "divnix",
        "repo": "nixpkgs.lib",
        "rev": "a73b9c743612e4244d865a2fdee11865283c04e6",
        "type": "github"
      },
      "original": {
        "owner": "divnix",
        "repo": "nixpkgs.lib",
        "type": "github"
      }
    },
    "libSource_2": {
      "locked": {
        "lastModified": 1753579242,
        "narHash": "sha256-zvaMGVn14/Zz8hnp4VWT9xVnhc8vuL3TStRqwk22biA=",
        "owner": "divnix",
        "repo": "nixpkgs.lib",
        "rev": "0f36c44e01a6129be94e3ade315a5883f0228a6e",
        "type": "github"
      },
      "original": {
        "owner": "divnix",
        "repo": "nixpkgs.lib",
        "type": "github"
      }
    },
    "nixpkgs": {
      "locked": {
        "lastModified": 1757408970,
        "narHash": "sha256-aSgK4BLNFFGvDTNKPeB28lVXYqVn8RdyXDNAvgGq+k0=",
        "owner": "NixOS",
        "repo": "nixpkgs",
        "rev": "d179d77c139e0a3f5c416477f7747e9d6b7ec315",
        "type": "github"
      },
      "original": {
        "owner": "NixOS",
        "ref": "nixos-25.05",
        "repo": "nixpkgs",
        "type": "github"
      }
    },
    "root": {
      "inputs": {
        "fenix": "fenix",
        "flake-utils": "flake-utils",
        "home-manager": "home-manager",
        "libSource": "libSource",
        "nixpkgs": "nixpkgs",
        "xome": "xome"
      }
    },
    "rust-analyzer-src": {
      "flake": false,
      "locked": {
        "lastModified": 1757362324,
        "narHash": "sha256-/PAhxheUq4WBrW5i/JHzcCqK5fGWwLKdH6/Lu1tyS18=",
        "owner": "rust-lang",
        "repo": "rust-analyzer",
        "rev": "9edc9cbe5d8e832b5864e09854fa94861697d2fd",
        "type": "github"
      },
      "original": {
        "owner": "rust-lang",
        "ref": "nightly",
        "repo": "rust-analyzer",
        "type": "github"
      }
    },
    "systems": {
      "locked": {
        "lastModified": 1681028828,
        "narHash": "sha256-Vy1rq5AaRuLzOxct8nz4T6wlgyUR7zLU309k9mBC768=",
        "owner": "nix-systems",
        "repo": "default",
        "rev": "da67096a3b9bf56a91d16901293e51ba5b49a27e",
        "type": "github"
      },
      "original": {
        "owner": "nix-systems",
        "repo": "default",
        "type": "github"
      }
    },
    "systems_2": {
      "locked": {
        "lastModified": 1681028828,
        "narHash": "sha256-Vy1rq5AaRuLzOxct8nz4T6wlgyUR7zLU309k9mBC768=",
        "owner": "nix-systems",
        "repo": "default",
        "rev": "da67096a3b9bf56a91d16901293e51ba5b49a27e",
        "type": "github"
      },
      "original": {
        "owner": "nix-systems",
        "repo": "default",
        "type": "github"
      }
    },
    "xome": {
      "inputs": {
        "flake-utils": "flake-utils_2",
        "home-manager": [
          "home-manager"
        ],
        "libSource": "libSource_2",
        "nixpkgs": [
          "nixpkgs"
        ]
      },
      "locked": {
        "lastModified": 1757520725,
        "narHash": "sha256-zkr59M8MCjNtEB8CaDYkhkCuEtHuUf293Q3bHt+O1uU=",
        "owner": "jeff-hykin",
        "repo": "xome",
        "rev": "9ed8624d794e619beb895ecfa777abaeb4242247",
        "type": "github"
      },
      "original": {
        "owner": "jeff-hykin",
        "repo": "xome",
        "type": "github"
      }
    }
  },
  "root": "root",
  "version": 7
}
